{
  "name": "pocket-squad",
  "version": "0.3.0",
  "lockfileVersion": 3,
  "requires": true,
  "packages": {
    "": {
      "name": "pocket-squad",
      "version": "0.3.0",
      "license": "MIT",
      "bin": {
        "pocket-squad": "bin/pocket-squad.js"
      },
      "engines": {
        "node": ">=18"
      }
    }
  }
}
